
Microsoft Visual Studio Solution File, Format Version 12.00
# Visual Studio Version 17
VisualStudioVersion = 17.0.31912.275
MinimumVisualStudioVersion = 10.0.40219.1
Project("{9A19103F-16F7-4668-BE54-9A1E7A4F7556}") = "FoodPlanner.Common", "FoodPlanner.Common\FoodPlanner.Common.csproj", "{D30E4C95-CC34-4D75-88E7-43C62041F35D}"
EndProject
Project("{9A19103F-16F7-4668-BE54-9A1E7A4F7556}") = "FoodPlanner.Data", "FoodPlanner.Data\FoodPlanner.Data.csproj", "{A55D634E-A206-4F5B-B5B1-ACB8651ABB84}"
EndProject
Project("{9A19103F-16F7-4668-BE54-9A1E7A4F7556}") = "FoodPlanner.Data.Tests", "FoodPlanner.Data.Tests\FoodPlanner.Data.Tests.csproj", "{A5D81D3F-1737-4171-9854-17C53EA8E3AA}"
EndProject
Project("{C7167F0D-BC9F-4E6E-AFE1-012C56B48DB5}") = "FoodPlanner.WinUI (Package)", "FoodPlanner.WinUI\FoodPlanner.WinUI (Package)\FoodPlanner.WinUI (Package).wapproj", "{796892B0-BA17-4F4C-9C3F-199A457A0E0A}"
EndProject
Project("{9A19103F-16F7-4668-BE54-9A1E7A4F7556}") = "FoodPlanner.WinUI", "FoodPlanner.WinUI\FoodPlanner.WinUI\FoodPlanner.WinUI.csproj", "{F8489D59-695C-4D7D-ACC8-55E65827088C}"
EndProject
Project("{9A19103F-16F7-4668-BE54-9A1E7A4F7556}") = "FoodPlanner.ViewModel", "FoodPlanner.ViewModel\FoodPlanner.ViewModel.csproj", "{FA4BEC5A-60AC-4AE1-B181-CA1D7625FE8E}"
EndProject
Project("{2150E333-8FDC-42A3-9474-1A3956D46DE8}") = "Solution Items", "Solution Items", "{5C649363-A213-4C7C-BB4C-757B77391CEB}"
EndProject
Global
	GlobalSection(SolutionConfigurationPlatforms) = preSolution
		Debug|Any CPU = Debug|Any CPU
		Debug|arm64 = Debug|arm64
		Debug|x64 = Debug|x64
		Debug|x86 = Debug|x86
		Release|Any CPU = Release|Any CPU
		Release|arm64 = Release|arm64
		Release|x64 = Release|x64
		Release|x86 = Release|x86
	EndGlobalSection
	GlobalSection(ProjectConfigurationPlatforms) = postSolution
		{D30E4C95-CC34-4D75-88E7-43C62041F35D}.Debug|Any CPU.ActiveCfg = Debug|Any CPU
		{D30E4C95-CC34-4D75-88E7-43C62041F35D}.Debug|Any CPU.Build.0 = Debug|Any CPU
		{D30E4C95-CC34-4D75-88E7-43C62041F35D}.Debug|arm64.ActiveCfg = Debug|Any CPU
		{D30E4C95-CC34-4D75-88E7-43C62041F35D}.Debug|arm64.Build.0 = Debug|Any CPU
		{D30E4C95-CC34-4D75-88E7-43C62041F35D}.Debug|x64.ActiveCfg = Debug|Any CPU
		{D30E4C95-CC34-4D75-88E7-43C62041F35D}.Debug|x64.Build.0 = Debug|Any CPU
		{D30E4C95-CC34-4D75-88E7-43C62041F35D}.Debug|x86.ActiveCfg = Debug|Any CPU
		{D30E4C95-CC34-4D75-88E7-43C62041F35D}.Debug|x86.Build.0 = Debug|Any CPU
		{D30E4C95-CC34-4D75-88E7-43C62041F35D}.Release|Any CPU.ActiveCfg = Release|Any CPU
		{D30E4C95-CC34-4D75-88E7-43C62041F35D}.Release|Any CPU.Build.0 = Release|Any CPU
		{D30E4C95-CC34-4D75-88E7-43C62041F35D}.Release|arm64.ActiveCfg = Release|Any CPU
		{D30E4C95-CC34-4D75-88E7-43C62041F35D}.Release|arm64.Build.0 = Release|Any CPU
		{D30E4C95-CC34-4D75-88E7-43C62041F35D}.Release|x64.ActiveCfg = Release|Any CPU
		{D30E4C95-CC34-4D75-88E7-43C62041F35D}.Release|x64.Build.0 = Release|Any CPU
		{D30E4C95-CC34-4D75-88E7-43C62041F35D}.Release|x86.ActiveCfg = Release|Any CPU
		{D30E4C95-CC34-4D75-88E7-43C62041F35D}.Release|x86.Build.0 = Release|Any CPU
		{A55D634E-A206-4F5B-B5B1-ACB8651ABB84}.Debug|Any CPU.ActiveCfg = Debug|Any CPU
		{A55D634E-A206-4F5B-B5B1-ACB8651ABB84}.Debug|Any CPU.Build.0 = Debug|Any CPU
		{A55D634E-A206-4F5B-B5B1-ACB8651ABB84}.Debug|arm64.ActiveCfg = Debug|Any CPU
		{A55D634E-A206-4F5B-B5B1-ACB8651ABB84}.Debug|arm64.Build.0 = Debug|Any CPU
		{A55D634E-A206-4F5B-B5B1-ACB8651ABB84}.Debug|x64.ActiveCfg = Debug|Any CPU
		{A55D634E-A206-4F5B-B5B1-ACB8651ABB84}.Debug|x64.Build.0 = Debug|Any CPU
		{A55D634E-A206-4F5B-B5B1-ACB8651ABB84}.Debug|x86.ActiveCfg = Debug|Any CPU
		{A55D634E-A206-4F5B-B5B1-ACB8651ABB84}.Debug|x86.Build.0 = Debug|Any CPU
		{A55D634E-A206-4F5B-B5B1-ACB8651ABB84}.Release|Any CPU.ActiveCfg = Release|Any CPU
		{A55D634E-A206-4F5B-B5B1-ACB8651ABB84}.Release|Any CPU.Build.0 = Release|Any CPU
		{A55D634E-A206-4F5B-B5B1-ACB8651ABB84}.Release|arm64.ActiveCfg = Release|Any CPU
		{A55D634E-A206-4F5B-B5B1-ACB8651ABB84}.Release|arm64.Build.0 = Release|Any CPU
		{A55D634E-A206-4F5B-B5B1-ACB8651ABB84}.Release|x64.ActiveCfg = Release|Any CPU
		{A55D634E-A206-4F5B-B5B1-ACB8651ABB84}.Release|x64.Build.0 = Release|Any CPU
		{A55D634E-A206-4F5B-B5B1-ACB8651ABB84}.Release|x86.ActiveCfg = Release|Any CPU
		{A55D634E-A206-4F5B-B5B1-ACB8651ABB84}.Release|x86.Build.0 = Release|Any CPU
		{A5D81D3F-1737-4171-9854-17C53EA8E3AA}.Debug|Any CPU.ActiveCfg = Debug|Any CPU
		{A5D81D3F-1737-4171-9854-17C53EA8E3AA}.Debug|Any CPU.Build.0 = Debug|Any CPU
		{A5D81D3F-1737-4171-9854-17C53EA8E3AA}.Debug|arm64.ActiveCfg = Debug|Any CPU
		{A5D81D3F-1737-4171-9854-17C53EA8E3AA}.Debug|arm64.Build.0 = Debug|Any CPU
		{A5D81D3F-1737-4171-9854-17C53EA8E3AA}.Debug|x64.ActiveCfg = Debug|Any CPU
		{A5D81D3F-1737-4171-9854-17C53EA8E3AA}.Debug|x64.Build.0 = Debug|Any CPU
		{A5D81D3F-1737-4171-9854-17C53EA8E3AA}.Debug|x86.ActiveCfg = Debug|Any CPU
		{A5D81D3F-1737-4171-9854-17C53EA8E3AA}.Debug|x86.Build.0 = Debug|Any CPU
		{A5D81D3F-1737-4171-9854-17C53EA8E3AA}.Release|Any CPU.ActiveCfg = Release|Any CPU
		{A5D81D3F-1737-4171-9854-17C53EA8E3AA}.Release|Any CPU.Build.0 = Release|Any CPU
		{A5D81D3F-1737-4171-9854-17C53EA8E3AA}.Release|arm64.ActiveCfg = Release|Any CPU
		{A5D81D3F-1737-4171-9854-17C53EA8E3AA}.Release|arm64.Build.0 = Release|Any CPU
		{A5D81D3F-1737-4171-9854-17C53EA8E3AA}.Release|x64.ActiveCfg = Release|Any CPU
		{A5D81D3F-1737-4171-9854-17C53EA8E3AA}.Release|x64.Build.0 = Release|Any CPU
		{A5D81D3F-1737-4171-9854-17C53EA8E3AA}.Release|x86.ActiveCfg = Release|Any CPU
		{A5D81D3F-1737-4171-9854-17C53EA8E3AA}.Release|x86.Build.0 = Release|Any CPU
		{796892B0-BA17-4F4C-9C3F-199A457A0E0A}.Debug|Any CPU.ActiveCfg = Debug|x64
		{796892B0-BA17-4F4C-9C3F-199A457A0E0A}.Debug|Any CPU.Build.0 = Debug|x64
		{796892B0-BA17-4F4C-9C3F-199A457A0E0A}.Debug|Any CPU.Deploy.0 = Debug|x64
		{796892B0-BA17-4F4C-9C3F-199A457A0E0A}.Debug|arm64.ActiveCfg = Debug|arm64
		{796892B0-BA17-4F4C-9C3F-199A457A0E0A}.Debug|arm64.Build.0 = Debug|arm64
		{796892B0-BA17-4F4C-9C3F-199A457A0E0A}.Debug|arm64.Deploy.0 = Debug|arm64
		{796892B0-BA17-4F4C-9C3F-199A457A0E0A}.Debug|x64.ActiveCfg = Debug|x64
		{796892B0-BA17-4F4C-9C3F-199A457A0E0A}.Debug|x64.Build.0 = Debug|x64
		{796892B0-BA17-4F4C-9C3F-199A457A0E0A}.Debug|x64.Deploy.0 = Debug|x64
		{796892B0-BA17-4F4C-9C3F-199A457A0E0A}.Debug|x86.ActiveCfg = Debug|x86
		{796892B0-BA17-4F4C-9C3F-199A457A0E0A}.Debug|x86.Build.0 = Debug|x86
		{796892B0-BA17-4F4C-9C3F-199A457A0E0A}.Debug|x86.Deploy.0 = Debug|x86
		{796892B0-BA17-4F4C-9C3F-199A457A0E0A}.Release|Any CPU.ActiveCfg = Release|x64
		{796892B0-BA17-4F4C-9C3F-199A457A0E0A}.Release|Any CPU.Build.0 = Release|x64
		{796892B0-BA17-4F4C-9C3F-199A457A0E0A}.Release|Any CPU.Deploy.0 = Release|x64
		{796892B0-BA17-4F4C-9C3F-199A457A0E0A}.Release|arm64.ActiveCfg = Release|arm64
		{796892B0-BA17-4F4C-9C3F-199A457A0E0A}.Release|arm64.Build.0 = Release|arm64
		{796892B0-BA17-4F4C-9C3F-199A457A0E0A}.Release|arm64.Deploy.0 = Release|arm64
		{796892B0-BA17-4F4C-9C3F-199A457A0E0A}.Release|x64.ActiveCfg = Release|x64
		{796892B0-BA17-4F4C-9C3F-199A457A0E0A}.Release|x64.Build.0 = Release|x64
		{796892B0-BA17-4F4C-9C3F-199A457A0E0A}.Release|x64.Deploy.0 = Release|x64
		{796892B0-BA17-4F4C-9C3F-199A457A0E0A}.Release|x86.ActiveCfg = Release|x86
		{796892B0-BA17-4F4C-9C3F-199A457A0E0A}.Release|x86.Build.0 = Release|x86
		{796892B0-BA17-4F4C-9C3F-199A457A0E0A}.Release|x86.Deploy.0 = Release|x86
		{F8489D59-695C-4D7D-ACC8-55E65827088C}.Debug|Any CPU.ActiveCfg = Debug|x64
		{F8489D59-695C-4D7D-ACC8-55E65827088C}.Debug|Any CPU.Build.0 = Debug|x64
		{F8489D59-695C-4D7D-ACC8-55E65827088C}.Debug|arm64.ActiveCfg = Debug|arm64
		{F8489D59-695C-4D7D-ACC8-55E65827088C}.Debug|arm64.Build.0 = Debug|arm64
		{F8489D59-695C-4D7D-ACC8-55E65827088C}.Debug|x64.ActiveCfg = Debug|x64
		{F8489D59-695C-4D7D-ACC8-55E65827088C}.Debug|x64.Build.0 = Debug|x64
		{F8489D59-695C-4D7D-ACC8-55E65827088C}.Debug|x86.ActiveCfg = Debug|x86
		{F8489D59-695C-4D7D-ACC8-55E65827088C}.Debug|x86.Build.0 = Debug|x86
		{F8489D59-695C-4D7D-ACC8-55E65827088C}.Release|Any CPU.ActiveCfg = Release|x64
		{F8489D59-695C-4D7D-ACC8-55E65827088C}.Release|Any CPU.Build.0 = Release|x64
		{F8489D59-695C-4D7D-ACC8-55E65827088C}.Release|arm64.ActiveCfg = Release|arm64
		{F8489D59-695C-4D7D-ACC8-55E65827088C}.Release|arm64.Build.0 = Release|arm64
		{F8489D59-695C-4D7D-ACC8-55E65827088C}.Release|x64.ActiveCfg = Release|x64
		{F8489D59-695C-4D7D-ACC8-55E65827088C}.Release|x64.Build.0 = Release|x64
		{F8489D59-695C-4D7D-ACC8-55E65827088C}.Release|x86.ActiveCfg = Release|x86
		{F8489D59-695C-4D7D-ACC8-55E65827088C}.Release|x86.Build.0 = Release|x86
		{FA4BEC5A-60AC-4AE1-B181-CA1D7625FE8E}.Debug|Any CPU.ActiveCfg = Debug|Any CPU
		{FA4BEC5A-60AC-4AE1-B181-CA1D7625FE8E}.Debug|Any CPU.Build.0 = Debug|Any CPU
		{FA4BEC5A-60AC-4AE1-B181-CA1D7625FE8E}.Debug|arm64.ActiveCfg = Debug|Any CPU
		{FA4BEC5A-60AC-4AE1-B181-CA1D7625FE8E}.Debug|arm64.Build.0 = Debug|Any CPU
		{FA4BEC5A-60AC-4AE1-B181-CA1D7625FE8E}.Debug|x64.ActiveCfg = Debug|Any CPU
		{FA4BEC5A-60AC-4AE1-B181-CA1D7625FE8E}.Debug|x64.Build.0 = Debug|Any CPU
		{FA4BEC5A-60AC-4AE1-B181-CA1D7625FE8E}.Debug|x86.ActiveCfg = Debug|Any CPU
		{FA4BEC5A-60AC-4AE1-B181-CA1D7625FE8E}.Debug|x86.Build.0 = Debug|Any CPU
		{FA4BEC5A-60AC-4AE1-B181-CA1D7625FE8E}.Release|Any CPU.ActiveCfg = Release|Any CPU
		{FA4BEC5A-60AC-4AE1-B181-CA1D7625FE8E}.Release|Any CPU.Build.0 = Release|Any CPU
		{FA4BEC5A-60AC-4AE1-B181-CA1D7625FE8E}.Release|arm64.ActiveCfg = Release|Any CPU
		{FA4BEC5A-60AC-4AE1-B181-CA1D7625FE8E}.Release|arm64.Build.0 = Release|Any CPU
		{FA4BEC5A-60AC-4AE1-B181-CA1D7625FE8E}.Release|x64.ActiveCfg = Release|Any CPU
		{FA4BEC5A-60AC-4AE1-B181-CA1D7625FE8E}.Release|x64.Build.0 = Release|Any CPU
		{FA4BEC5A-60AC-4AE1-B181-CA1D7625FE8E}.Release|x86.ActiveCfg = Release|Any CPU
		{FA4BEC5A-60AC-4AE1-B181-CA1D7625FE8E}.Release|x86.Build.0 = Release|Any CPU
	EndGlobalSection
	GlobalSection(SolutionProperties) = preSolution
		HideSolutionNode = FALSE
	EndGlobalSection
	GlobalSection(ExtensibilityGlobals) = postSolution
		SolutionGuid = {23D24CDB-4058-42BD-B8C5-7ECF78B20A18}
	EndGlobalSection
EndGlobal
